version = 1
revision = 2
requires-python = ">=3.10"

[[package]]
name = "model-interface"
version = "0.1.2.dev1"
source = { git = "https://github.com/VLMHyperBenchTeam/model_interface.git?rev=0.1.2.dev1#59df9ae18f75989cade071af1e8b9009e70ac43e" }

[[package]]
name = "model-qwen2-5-vl"
version = "0.1.2.dev0"
source = { editable = "." }
dependencies = [
    { name = "model-interface" },
]

[package.metadata]
requires-dist = [{ name = "model-interface", git = "https://github.com/VLMHyperBenchTeam/model_interface.git?rev=0.1.2.dev1" }]
